{
  "name": "@xeel-dev/npm-test",
  "version": "1.0.0",
  "lockfileVersion": 3,
  "requires": true,
  "packages": {
    "": {
      "name": "@xeel-dev/npm-test",
      "version": "1.0.0",
      "workspaces": [
        "packages/*"
      ],
      "devDependencies": {
        "@types/node": "20"
      }
    },
    "node_modules/.pnpm/@types+node@20.16.11": {
      "dev": true
    },
    "node_modules/.pnpm/@types+node@20.16.11/node_modules/@types/node": {
      "version": "20.16.11",
      "dev": true,
      "license": "MIT",
      "dependencies": {
        "undici-types": "~6.19.2"
      }
    },
    "node_modules/.pnpm/@types+node@20.16.11/node_modules/undici-types": {
      "resolved": "node_modules/.pnpm/undici-types@6.19.8/node_modules/undici-types",
      "link": true
    },
    "node_modules/.pnpm/undici-types@6.19.8/node_modules/undici-types": {
      "version": "6.19.8",
      "dev": true,
      "license": "MIT"
    },
    "node_modules/@types/node": {
      "resolved": "node_modules/.pnpm/@types+node@20.16.11/node_modules/@types/node",
      "link": true
    },
    "node_modules/@xeel-dev/npm-test-workspace-1": {
      "resolved": "packages/workspace-1",
      "link": true
    },
    "packages/workspace-1": {
      "name": "@xeel-dev/npm-test-workspace-1",
      "version": "1.0.0",
      "devDependencies": {
        "@types/node": "14"
      }
    },
    "packages/workspace-1/node_modules/@types/node": {
      "version": "14.18.63",
      "resolved": "https://registry.npmjs.org/@types/node/-/node-14.18.63.tgz",
      "integrity": "sha512-fAtCfv4jJg+ExtXhvCkCqUKZ+4ok/JQk01qDKhL5BDDoS3AxKXhV5/MAVUZyQnSEd2GT92fkgZl0pz0Q0AzcIQ==",
      "dev": true,
      "license": "MIT"
    }
  }
}
