# This file is generated by running "yarn install" inside your project.
# Manual changes might be lost - proceed with caution!

__metadata:
  version: 6
  cacheKey: 8

"@types/node@npm:14":
  version: 14.18.63
  resolution: "@types/node@npm:14.18.63"
  checksum: be909061a54931778c71c49dc562586c32f909c4b6197e3d71e6dac726d8bd9fccb9f599c0df99f52742b68153712b5097c0f00cac4e279fa894b0ea6719a8fd
  languageName: node
  linkType: hard

"@types/node@npm:20":
  version: 20.16.11
  resolution: "@types/node@npm:20.16.11"
  dependencies:
    undici-types: ~6.19.2
  checksum: 68a239e4cff66972c990a89faa052da27d17d9f8d3ee324e9e5899323feaf229b475c1969ae9e189d0c499736fc04e9f20f480613d16b93ce249518dc32707a0
  languageName: node
  linkType: hard

"@xeel-dev/yarn-test-workspace-1@workspace:packages/workspace-1":
  version: 0.0.0-use.local
  resolution: "@xeel-dev/yarn-test-workspace-1@workspace:packages/workspace-1"
  dependencies:
    "@types/node": 14
  languageName: unknown
  linkType: soft

"@xeel-dev/yarn-test@workspace:.":
  version: 0.0.0-use.local
  resolution: "@xeel-dev/yarn-test@workspace:."
  dependencies:
    "@types/node": 20
  languageName: unknown
  linkType: soft

"undici-types@npm:~6.19.2":
  version: 6.19.8
  resolution: "undici-types@npm:6.19.8"
  checksum: de51f1b447d22571cf155dfe14ff6d12c5bdaec237c765085b439c38ca8518fc360e88c70f99469162bf2e14188a7b0bcb06e1ed2dc031042b984b0bb9544017
  languageName: node
  linkType: hard
